
Microsoft Visual Studio Solution File, Format Version 12.00
# Visual Studio Version 16
VisualStudioVersion = 16.0.30517.126
MinimumVisualStudioVersion = 10.0.40219.1
Project("{FAE04EC0-301F-11D3-BF4B-00C04F79EFBC}") = "HelloWorld_Xamarin.UWP", "HelloWorld_Xamarin.UWP\HelloWorld_Xamarin.UWP.csproj", "{4D91E658-7164-45F5-B53E-D01282B81545}"
EndProject
Project("{FAE04EC0-301F-11D3-BF4B-00C04F79EFBC}") = "HelloWorld_Xamarin.Android", "HelloWorld_Xamarin.Android\HelloWorld_Xamarin.Android.csproj", "{0A8EA73C-76CE-41C1-ADBA-ACD1C95D3B18}"
EndProject
Project("{9A19103F-16F7-4668-BE54-9A1E7A4F7556}") = "HelloWorld_Xamarin", "HelloWorld_Xamarin\HelloWorld_Xamarin.csproj", "{20EBCCB0-9B0C-4E39-A34D-EB3613467DA3}"
EndProject
Project("{FAE04EC0-301F-11D3-BF4B-00C04F79EFBC}") = "Entidades", "Entidades\Entidades.csproj", "{1A37C868-9C46-42EC-9A36-10F11B42FAE4}"
EndProject
Global
	GlobalSection(SolutionConfigurationPlatforms) = preSolution
		Debug|Any CPU = Debug|Any CPU
		Debug|ARM = Debug|ARM
		Debug|x64 = Debug|x64
		Debug|x86 = Debug|x86
		Release|Any CPU = Release|Any CPU
		Release|ARM = Release|ARM
		Release|x64 = Release|x64
		Release|x86 = Release|x86
	EndGlobalSection
	GlobalSection(ProjectConfigurationPlatforms) = postSolution
		{4D91E658-7164-45F5-B53E-D01282B81545}.Debug|Any CPU.ActiveCfg = Debug|x86
		{4D91E658-7164-45F5-B53E-D01282B81545}.Debug|Any CPU.Build.0 = Debug|x86
		{4D91E658-7164-45F5-B53E-D01282B81545}.Debug|Any CPU.Deploy.0 = Debug|x86
		{4D91E658-7164-45F5-B53E-D01282B81545}.Debug|ARM.ActiveCfg = Debug|ARM
		{4D91E658-7164-45F5-B53E-D01282B81545}.Debug|ARM.Build.0 = Debug|ARM
		{4D91E658-7164-45F5-B53E-D01282B81545}.Debug|ARM.Deploy.0 = Debug|ARM
		{4D91E658-7164-45F5-B53E-D01282B81545}.Debug|x64.ActiveCfg = Debug|x64
		{4D91E658-7164-45F5-B53E-D01282B81545}.Debug|x64.Build.0 = Debug|x64
		{4D91E658-7164-45F5-B53E-D01282B81545}.Debug|x64.Deploy.0 = Debug|x64
		{4D91E658-7164-45F5-B53E-D01282B81545}.Debug|x86.ActiveCfg = Debug|x86
		{4D91E658-7164-45F5-B53E-D01282B81545}.Debug|x86.Build.0 = Debug|x86
		{4D91E658-7164-45F5-B53E-D01282B81545}.Debug|x86.Deploy.0 = Debug|x86
		{4D91E658-7164-45F5-B53E-D01282B81545}.Release|Any CPU.ActiveCfg = Release|x86
		{4D91E658-7164-45F5-B53E-D01282B81545}.Release|Any CPU.Build.0 = Release|x86
		{4D91E658-7164-45F5-B53E-D01282B81545}.Release|Any CPU.Deploy.0 = Release|x86
		{4D91E658-7164-45F5-B53E-D01282B81545}.Release|ARM.ActiveCfg = Release|ARM
		{4D91E658-7164-45F5-B53E-D01282B81545}.Release|ARM.Build.0 = Release|ARM
		{4D91E658-7164-45F5-B53E-D01282B81545}.Release|ARM.Deploy.0 = Release|ARM
		{4D91E658-7164-45F5-B53E-D01282B81545}.Release|x64.ActiveCfg = Release|x64
		{4D91E658-7164-45F5-B53E-D01282B81545}.Release|x64.Build.0 = Release|x64
		{4D91E658-7164-45F5-B53E-D01282B81545}.Release|x64.Deploy.0 = Release|x64
		{4D91E658-7164-45F5-B53E-D01282B81545}.Release|x86.ActiveCfg = Release|x86
		{4D91E658-7164-45F5-B53E-D01282B81545}.Release|x86.Build.0 = Release|x86
		{4D91E658-7164-45F5-B53E-D01282B81545}.Release|x86.Deploy.0 = Release|x86
		{0A8EA73C-76CE-41C1-ADBA-ACD1C95D3B18}.Debug|Any CPU.ActiveCfg = Debug|Any CPU
		{0A8EA73C-76CE-41C1-ADBA-ACD1C95D3B18}.Debug|Any CPU.Build.0 = Debug|Any CPU
		{0A8EA73C-76CE-41C1-ADBA-ACD1C95D3B18}.Debug|Any CPU.Deploy.0 = Debug|Any CPU
		{0A8EA73C-76CE-41C1-ADBA-ACD1C95D3B18}.Debug|ARM.ActiveCfg = Debug|Any CPU
		{0A8EA73C-76CE-41C1-ADBA-ACD1C95D3B18}.Debug|ARM.Build.0 = Debug|Any CPU
		{0A8EA73C-76CE-41C1-ADBA-ACD1C95D3B18}.Debug|ARM.Deploy.0 = Debug|Any CPU
		{0A8EA73C-76CE-41C1-ADBA-ACD1C95D3B18}.Debug|x64.ActiveCfg = Debug|Any CPU
		{0A8EA73C-76CE-41C1-ADBA-ACD1C95D3B18}.Debug|x64.Build.0 = Debug|Any CPU
		{0A8EA73C-76CE-41C1-ADBA-ACD1C95D3B18}.Debug|x64.Deploy.0 = Debug|Any CPU
		{0A8EA73C-76CE-41C1-ADBA-ACD1C95D3B18}.Debug|x86.ActiveCfg = Debug|Any CPU
		{0A8EA73C-76CE-41C1-ADBA-ACD1C95D3B18}.Debug|x86.Build.0 = Debug|Any CPU
		{0A8EA73C-76CE-41C1-ADBA-ACD1C95D3B18}.Debug|x86.Deploy.0 = Debug|Any CPU
		{0A8EA73C-76CE-41C1-ADBA-ACD1C95D3B18}.Release|Any CPU.ActiveCfg = Release|Any CPU
		{0A8EA73C-76CE-41C1-ADBA-ACD1C95D3B18}.Release|Any CPU.Build.0 = Release|Any CPU
		{0A8EA73C-76CE-41C1-ADBA-ACD1C95D3B18}.Release|Any CPU.Deploy.0 = Release|Any CPU
		{0A8EA73C-76CE-41C1-ADBA-ACD1C95D3B18}.Release|ARM.ActiveCfg = Release|Any CPU
		{0A8EA73C-76CE-41C1-ADBA-ACD1C95D3B18}.Release|ARM.Build.0 = Release|Any CPU
		{0A8EA73C-76CE-41C1-ADBA-ACD1C95D3B18}.Release|ARM.Deploy.0 = Release|Any CPU
		{0A8EA73C-76CE-41C1-ADBA-ACD1C95D3B18}.Release|x64.ActiveCfg = Release|Any CPU
		{0A8EA73C-76CE-41C1-ADBA-ACD1C95D3B18}.Release|x64.Build.0 = Release|Any CPU
		{0A8EA73C-76CE-41C1-ADBA-ACD1C95D3B18}.Release|x64.Deploy.0 = Release|Any CPU
		{0A8EA73C-76CE-41C1-ADBA-ACD1C95D3B18}.Release|x86.ActiveCfg = Release|Any CPU
		{0A8EA73C-76CE-41C1-ADBA-ACD1C95D3B18}.Release|x86.Build.0 = Release|Any CPU
		{0A8EA73C-76CE-41C1-ADBA-ACD1C95D3B18}.Release|x86.Deploy.0 = Release|Any CPU
		{20EBCCB0-9B0C-4E39-A34D-EB3613467DA3}.Debug|Any CPU.ActiveCfg = Debug|Any CPU
		{20EBCCB0-9B0C-4E39-A34D-EB3613467DA3}.Debug|Any CPU.Build.0 = Debug|Any CPU
		{20EBCCB0-9B0C-4E39-A34D-EB3613467DA3}.Debug|Any CPU.Deploy.0 = Debug|Any CPU
		{20EBCCB0-9B0C-4E39-A34D-EB3613467DA3}.Debug|ARM.ActiveCfg = Debug|Any CPU
		{20EBCCB0-9B0C-4E39-A34D-EB3613467DA3}.Debug|ARM.Build.0 = Debug|Any CPU
		{20EBCCB0-9B0C-4E39-A34D-EB3613467DA3}.Debug|ARM.Deploy.0 = Debug|Any CPU
		{20EBCCB0-9B0C-4E39-A34D-EB3613467DA3}.Debug|x64.ActiveCfg = Debug|Any CPU
		{20EBCCB0-9B0C-4E39-A34D-EB3613467DA3}.Debug|x64.Build.0 = Debug|Any CPU
		{20EBCCB0-9B0C-4E39-A34D-EB3613467DA3}.Debug|x64.Deploy.0 = Debug|Any CPU
		{20EBCCB0-9B0C-4E39-A34D-EB3613467DA3}.Debug|x86.ActiveCfg = Debug|Any CPU
		{20EBCCB0-9B0C-4E39-A34D-EB3613467DA3}.Debug|x86.Build.0 = Debug|Any CPU
		{20EBCCB0-9B0C-4E39-A34D-EB3613467DA3}.Debug|x86.Deploy.0 = Debug|Any CPU
		{20EBCCB0-9B0C-4E39-A34D-EB3613467DA3}.Release|Any CPU.ActiveCfg = Release|Any CPU
		{20EBCCB0-9B0C-4E39-A34D-EB3613467DA3}.Release|Any CPU.Build.0 = Release|Any CPU
		{20EBCCB0-9B0C-4E39-A34D-EB3613467DA3}.Release|Any CPU.Deploy.0 = Release|Any CPU
		{20EBCCB0-9B0C-4E39-A34D-EB3613467DA3}.Release|ARM.ActiveCfg = Release|Any CPU
		{20EBCCB0-9B0C-4E39-A34D-EB3613467DA3}.Release|ARM.Build.0 = Release|Any CPU
		{20EBCCB0-9B0C-4E39-A34D-EB3613467DA3}.Release|ARM.Deploy.0 = Release|Any CPU
		{20EBCCB0-9B0C-4E39-A34D-EB3613467DA3}.Release|x64.ActiveCfg = Release|Any CPU
		{20EBCCB0-9B0C-4E39-A34D-EB3613467DA3}.Release|x64.Build.0 = Release|Any CPU
		{20EBCCB0-9B0C-4E39-A34D-EB3613467DA3}.Release|x64.Deploy.0 = Release|Any CPU
		{20EBCCB0-9B0C-4E39-A34D-EB3613467DA3}.Release|x86.ActiveCfg = Release|Any CPU
		{20EBCCB0-9B0C-4E39-A34D-EB3613467DA3}.Release|x86.Build.0 = Release|Any CPU
		{20EBCCB0-9B0C-4E39-A34D-EB3613467DA3}.Release|x86.Deploy.0 = Release|Any CPU
		{1A37C868-9C46-42EC-9A36-10F11B42FAE4}.Debug|Any CPU.ActiveCfg = Debug|Any CPU
		{1A37C868-9C46-42EC-9A36-10F11B42FAE4}.Debug|Any CPU.Build.0 = Debug|Any CPU
		{1A37C868-9C46-42EC-9A36-10F11B42FAE4}.Debug|ARM.ActiveCfg = Debug|Any CPU
		{1A37C868-9C46-42EC-9A36-10F11B42FAE4}.Debug|ARM.Build.0 = Debug|Any CPU
		{1A37C868-9C46-42EC-9A36-10F11B42FAE4}.Debug|x64.ActiveCfg = Debug|Any CPU
		{1A37C868-9C46-42EC-9A36-10F11B42FAE4}.Debug|x64.Build.0 = Debug|Any CPU
		{1A37C868-9C46-42EC-9A36-10F11B42FAE4}.Debug|x86.ActiveCfg = Debug|Any CPU
		{1A37C868-9C46-42EC-9A36-10F11B42FAE4}.Debug|x86.Build.0 = Debug|Any CPU
		{1A37C868-9C46-42EC-9A36-10F11B42FAE4}.Release|Any CPU.ActiveCfg = Release|Any CPU
		{1A37C868-9C46-42EC-9A36-10F11B42FAE4}.Release|Any CPU.Build.0 = Release|Any CPU
		{1A37C868-9C46-42EC-9A36-10F11B42FAE4}.Release|ARM.ActiveCfg = Release|Any CPU
		{1A37C868-9C46-42EC-9A36-10F11B42FAE4}.Release|ARM.Build.0 = Release|Any CPU
		{1A37C868-9C46-42EC-9A36-10F11B42FAE4}.Release|x64.ActiveCfg = Release|Any CPU
		{1A37C868-9C46-42EC-9A36-10F11B42FAE4}.Release|x64.Build.0 = Release|Any CPU
		{1A37C868-9C46-42EC-9A36-10F11B42FAE4}.Release|x86.ActiveCfg = Release|Any CPU
		{1A37C868-9C46-42EC-9A36-10F11B42FAE4}.Release|x86.Build.0 = Release|Any CPU
	EndGlobalSection
	GlobalSection(SolutionProperties) = preSolution
		HideSolutionNode = FALSE
	EndGlobalSection
	GlobalSection(ExtensibilityGlobals) = postSolution
		SolutionGuid = {47C7D7AA-61E4-48EE-B3AD-B0D29CBAFA4F}
	EndGlobalSection
EndGlobal
